<?xml version="1.0" encoding="utf-8"?>
<Project ToolsVersion="4.0" xmlns="http://schemas.microsoft.com/developer/msbuild/2003">
  <ItemGroup>
    <Filter Include="Resoruces">
      <UniqueIdentifier>{67DA6AB6-F800-4c08-8B7A-83BB121AAD01}</UniqueIdentifier>
      <Extensions>rc;ico;cur;bmp;dlg;rc2;rct;bin;rgs;gif;jpg;jpeg;jpe;resx;tiff;tif;png;wav;mfcribbon-ms</Extensions>
    </Filter>
    <Filter Include="Source">
      <UniqueIdentifier>{63412370-8bdd-4de2-b4a4-8d6b24d3eaf3}</UniqueIdentifier>
    </Filter>
    <Filter Include="Source\Public">
      <UniqueIdentifier>{93995380-89BD-4b04-88EB-625FBE52EBFB}</UniqueIdentifier>
      <Extensions>h;hh;hpp;hxx;h++;hm;inl;inc;ipp;xsd</Extensions>
    </Filter>
    <Filter Include="Source\Private">
      <UniqueIdentifier>{4FC737F1-C7A5-4376-A066-2A32D752A2FF}</UniqueIdentifier>
      <Extensions>cpp;c;cc;cxx;c++;cppm;ixx;def;odl;idl;hpj;bat;asm;asmx</Extensions>
    </Filter>
    <Filter Include="Source\pch">
      <UniqueIdentifier>{3ef43399-dbc7-4142-b6fe-801ea7149147}</UniqueIdentifier>
    </Filter>
    <Filter Include="Source\Private\Platform">
      <UniqueIdentifier>{df7dedc6-bf67-47ec-9efe-cb12488c097e}</UniqueIdentifier>
    </Filter>
    <Filter Include="Source\Private\Platform\WIN32">
      <UniqueIdentifier>{a0be70d6-e29a-437f-bd42-54e66bbfc88a}</UniqueIdentifier>
    </Filter>
    <Filter Include="Source\Public\Platform">
      <UniqueIdentifier>{8c5d26d0-9d1f-4fb3-af92-9e629a1bbc16}</UniqueIdentifier>
    </Filter>
    <Filter Include="Source\Public\Platform\WIN32">
      <UniqueIdentifier>{bd521c5e-fe50-4e7c-9cdf-4f7d721dec25}</UniqueIdentifier>
    </Filter>
  </ItemGroup>
  <ItemGroup>
    <ClCompile Include="Source\Engine.cpp">
      <Filter>Source\pch</Filter>
    </ClCompile>
    <ClCompile Include="Source\Platform\WIN32\IApplication.cpp">
      <Filter>Source\Private\Platform\WIN32</Filter>
    </ClCompile>
  </ItemGroup>
  <ItemGroup>
    <ClInclude Include="Source\Engine.h">
      <Filter>Source\pch</Filter>
    </ClInclude>
    <ClInclude Include="Source\Platform\WIN32\WinEntry.h">
      <Filter>Source\Public\Platform\WIN32</Filter>
    </ClInclude>
    <ClInclude Include="Source\Platform\WIN32\IApplication.h">
      <Filter>Source\Public\Platform\WIN32</Filter>
    </ClInclude>
  </ItemGroup>
</Project>